
Microsoft Visual Studio Solution File, Format Version 12.00
# Visual Studio 14
VisualStudioVersion = 14.0.25420.1
MinimumVisualStudioVersion = 10.0.40219.1
Project("{FAE04EC0-301F-11D3-BF4B-00C04F79EFBC}") = "teht01", "teht01\teht01.csproj", "{8C9B55D4-2E3A-43FA-9080-13E1AD447BD5}"
EndProject
Project("{FAE04EC0-301F-11D3-BF4B-00C04F79EFBC}") = "PersonApplication", "PersonApplication\PersonApplication.csproj", "{D2DC14FE-D2A9-4384-914A-BF08EC213FD3}"
EndProject
Project("{FAE04EC0-301F-11D3-BF4B-00C04F79EFBC}") = "HissiApplication", "HissiApplication\HissiApplication.csproj", "{8BE454CD-1D66-4EA7-ADA8-44CD0FC0F7B5}"
EndProject
Project("{FAE04EC0-301F-11D3-BF4B-00C04F79EFBC}") = "VahvistinApplication", "VahvistinApplication\VahvistinApplication.csproj", "{88B8211F-887C-4EBF-9EBA-190A58776172}"
EndProject
Global
	GlobalSection(SolutionConfigurationPlatforms) = preSolution
		Debug|Any CPU = Debug|Any CPU
		Release|Any CPU = Release|Any CPU
	EndGlobalSection
	GlobalSection(ProjectConfigurationPlatforms) = postSolution
		{8C9B55D4-2E3A-43FA-9080-13E1AD447BD5}.Debug|Any CPU.ActiveCfg = Debug|Any CPU
		{8C9B55D4-2E3A-43FA-9080-13E1AD447BD5}.Debug|Any CPU.Build.0 = Debug|Any CPU
		{8C9B55D4-2E3A-43FA-9080-13E1AD447BD5}.Release|Any CPU.ActiveCfg = Release|Any CPU
		{8C9B55D4-2E3A-43FA-9080-13E1AD447BD5}.Release|Any CPU.Build.0 = Release|Any CPU
		{D2DC14FE-D2A9-4384-914A-BF08EC213FD3}.Debug|Any CPU.ActiveCfg = Debug|Any CPU
		{D2DC14FE-D2A9-4384-914A-BF08EC213FD3}.Debug|Any CPU.Build.0 = Debug|Any CPU
		{D2DC14FE-D2A9-4384-914A-BF08EC213FD3}.Release|Any CPU.ActiveCfg = Release|Any CPU
		{D2DC14FE-D2A9-4384-914A-BF08EC213FD3}.Release|Any CPU.Build.0 = Release|Any CPU
		{8BE454CD-1D66-4EA7-ADA8-44CD0FC0F7B5}.Debug|Any CPU.ActiveCfg = Debug|Any CPU
		{8BE454CD-1D66-4EA7-ADA8-44CD0FC0F7B5}.Debug|Any CPU.Build.0 = Debug|Any CPU
		{8BE454CD-1D66-4EA7-ADA8-44CD0FC0F7B5}.Release|Any CPU.ActiveCfg = Release|Any CPU
		{8BE454CD-1D66-4EA7-ADA8-44CD0FC0F7B5}.Release|Any CPU.Build.0 = Release|Any CPU
		{88B8211F-887C-4EBF-9EBA-190A58776172}.Debug|Any CPU.ActiveCfg = Debug|Any CPU
		{88B8211F-887C-4EBF-9EBA-190A58776172}.Debug|Any CPU.Build.0 = Debug|Any CPU
		{88B8211F-887C-4EBF-9EBA-190A58776172}.Release|Any CPU.ActiveCfg = Release|Any CPU
		{88B8211F-887C-4EBF-9EBA-190A58776172}.Release|Any CPU.Build.0 = Release|Any CPU
	EndGlobalSection
	GlobalSection(SolutionProperties) = preSolution
		HideSolutionNode = FALSE
	EndGlobalSection
EndGlobal
